# This file is autogenerated, do not edit; changes may be undone by the next 'dep ensure'.


[[projects]]
  digest = "1:3b42d67cfeb2c9bf28b3d08804445e291d5124cb2e1ec0069d88f234a0aab0d9"
  name = "github.com/andygrunwald/go-jira"
  packages = ["."]
  pruneopts = "NUT"
  revision = "15b3b5364390d5c1d72f2b065f01c778cb0ccd18"
  version = "v1.7.0"

[[projects]]
  digest = "1:45c41cd27a8d986998680bfc86da0bbff5fa4f90d0f446c00636c8b099028ffe"
  name = "github.com/blang/semver"
  packages = ["."]
  pruneopts = "NUT"
  revision = "ba2c2ddd89069b46a7011d4106f6868f17ee1705"
  version = "v3.6.1"

[[projects]]
  digest = "1:ffe9824d294da03b391f44e1ae8281281b4afc1bdaa9588c9097785e3af10cec"
  name = "github.com/davecgh/go-spew"
  packages = ["spew"]
  pruneopts = "NUT"
  revision = "8991bc29aa16c548c550c7ff78260e27b9ab7c73"
  version = "v1.1.1"

[[projects]]
  digest = "1:7996ce08c1b325e680c5770db348669be994f296d694faa07bc739a8c8fe0be7"
  name = "github.com/dghubble/oauth1"
  packages = ["."]
  pruneopts = "NUT"
  revision = "f0fe2bff8fbf301b33359ca431e4afc90390aab0"
  version = "v0.5.0"

[[projects]]
  digest = "1:7a6852b35eb5bbc184561443762d225116ae630c26a7c4d90546619f1e7d2ad2"
  name = "github.com/dgrijalva/jwt-go"
  packages = ["."]
  pruneopts = "NUT"
  revision = "06ea1031745cb8b3dab3f6a236daf2b0aa468b7e"
  version = "v3.2.0"

[[projects]]
  branch = "master"
  digest = "1:665c8850f673be8d358fe61ab00412049e685202aa7466ae5c72ad50d89c84f7"
  name = "github.com/dyatlov/go-opengraph"
  packages = ["opengraph"]
  pruneopts = "NUT"
  revision = "816b6608b3c8c1e871bc9cf777f390e2532081fe"

[[projects]]
  digest = "1:aa3ed0a71c4e66e4ae6486bf97a3f4cab28edc78df2e50c5ad01dc7d91604b88"
  name = "github.com/fatih/structs"
  packages = ["."]
  pruneopts = "NUT"
  revision = "4966fc68f5b7593aafa6cbbba2d65ec6e1416047"
  version = "v1.1.0"

[[projects]]
  digest = "1:1b91ae0dc69a41d4c2ed23ea5cffb721ea63f5037ca4b81e6d6771fbb8f45129"
  name = "github.com/fsnotify/fsnotify"
  packages = ["."]
  pruneopts = "NUT"
  revision = "c2828203cd70a50dcccfb2761f8b1f8ceef9a8e9"
  version = "v1.4.7"

[[projects]]
  digest = "1:702ddda24a3de16923785938f7a618d75d526d970d617c63b73e09155f258617"
  name = "github.com/go-ldap/ldap"
  packages = ["."]
  pruneopts = "NUT"
  revision = "9f0d712775a0973b7824a1585a86a4ea1d5263d9"
  version = "v3.0.3"

[[projects]]
  digest = "1:2d0636a8c490d2272dd725db26f74a537111b99b9dbdda0d8b98febe63702aa4"
  name = "github.com/golang/protobuf"
  packages = [
    "proto",
    "ptypes",
    "ptypes/any",
    "ptypes/duration",
    "ptypes/timestamp",
  ]
  pruneopts = "NUT"
  revision = "b5d812f8a3706043e23a9cd5babf2e5423744d30"
  version = "v1.3.1"

[[projects]]
  branch = "master"
  digest = "1:a63cff6b5d8b95638bfe300385d93b2a6d9d687734b863da8e09dc834510a690"
  name = "github.com/google/go-querystring"
  packages = ["query"]
  pruneopts = "NUT"
  revision = "c8c88dbee036db4e4808d1f2ec8c2e15e11c3f80"

[[projects]]
  digest = "1:ab3ec1fe3e39bac4b3ab63390767766622be35b7cab03f47f787f9ec60522a53"
  name = "github.com/google/uuid"
  packages = ["."]
  pruneopts = "NUT"
  revision = "0cd6bf5da1e1c83f8b45653022c74f71af0538a4"
  version = "v1.1.1"

[[projects]]
  digest = "1:4a0c072e44da763409da72d41492373a034baf2e6d849c76d239b4abdfbb6c49"
  name = "github.com/gorilla/websocket"
  packages = ["."]
  pruneopts = "NUT"
  revision = "66b9c49e59c6c48f0ffce28c2d8b8a5678502c6d"
  version = "v1.4.0"

[[projects]]
  digest = "1:8a8f62dbb5e85b88c605eb7858c8719572a0437b55a6339302c052d4fd6e2501"
  name = "github.com/hashicorp/go-hclog"
  packages = ["."]
  pruneopts = "NUT"
  revision = "2f1b231e6eb6f042d24d2b0612253b985be5bdab"
  version = "v0.9.1"

[[projects]]
  digest = "1:9c9cfa6dd8c0b69bfc8beeccd9b033e9277040a1a72ad063acb0b887b2b5609b"
  name = "github.com/hashicorp/go-plugin"
  packages = [
    ".",
    "internal/plugin",
  ]
  pruneopts = "NUT"
  revision = "52e1c4730856c1438ced7597c9b5c585a7bd06a2"
  version = "v1.0.0"

[[projects]]
  branch = "master"
  digest = "1:8deb0c5545c824dfeb0ac77ab8eb67a3d541eab76df5c85ce93064ef02d44cd0"
  name = "github.com/hashicorp/yamux"
  packages = ["."]
  pruneopts = "NUT"
  revision = "2f1d1f20f75d5404f53b9edf6b53ed5505508675"

[[projects]]
  digest = "1:60ac67c5e4ea431ce6936f7d89a686013060e9963a8ed58dbc791b576ce8053c"
  name = "github.com/mattermost/go-i18n"
  packages = ["i18n"]
  pruneopts = "NUT"
  revision = "0dc1626d56435e9d605a29875701721c54bc9bbd"
  version = "v1.10.0"

[[projects]]
  branch = "master"
  digest = "1:a0442d2312407dce14f349ae7a4f938436dcf811a83ae5011674bf6a2cf913ac"
  name = "github.com/mattermost/mattermost-server"
  packages = [
    "mlog",
    "model",
    "plugin",
    "plugin/plugintest",
    "plugin/plugintest/mock",
    "services/timezones",
    "utils",
    "utils/fileutils",
    "utils/jsonutils",
    "utils/markdown",
  ]
  pruneopts = "NUT"
  revision = "480fffd3cc5984ef796a02f172f8f0f470d53a81"

[[projects]]
  digest = "1:18b773b92ac82a451c1276bd2776c1e55ce057ee202691ab33c8d6690efcc048"
  name = "github.com/mitchellh/go-testing-interface"
  packages = ["."]
  pruneopts = "NUT"
  revision = "6d0b8010fcc857872e42fc6c931227569016843c"
  version = "v1.0.0"

[[projects]]
  digest = "1:d6d44d2433c588ea2956f9f152ffb73893072750787c6f24bfa9db07eeef06c2"
  name = "github.com/nicksnyder/go-i18n"
  packages = [
    "i18n/bundle",
    "i18n/language",
    "i18n/translation",
  ]
  pruneopts = "NUT"
  revision = "0dc1626d56435e9d605a29875701721c54bc9bbd"
  version = "v1.10.0"

[[projects]]
  digest = "1:3b517122f3aad1ecce45a630ea912b3092b4729f25532a911d0cb2935a1f9352"
  name = "github.com/oklog/run"
  packages = ["."]
  pruneopts = "NUT"
  revision = "4dadeb3030eda0273a12382bb2348ffc7c9d1a39"
  version = "v1.0.0"

[[projects]]
  digest = "1:93b1d84c5fa6d1ea52f4114c37714cddd84d5b78f151b62bb101128dd51399bf"
  name = "github.com/pborman/uuid"
  packages = ["."]
  pruneopts = "NUT"
  revision = "adf5a7427709b9deb95d29d3fa8a2bf9cfd388f1"
  version = "v1.2"

[[projects]]
  digest = "1:4e9827f31d4fc1ddd732a0e3af4e863d281dd405adb2bfb96a25cc5346a77caf"
  name = "github.com/pelletier/go-toml"
  packages = ["."]
  pruneopts = "NUT"
  revision = "728039f679cbcd4f6a54e080d2219a4c4928c546"
  version = "v1.4.0"

[[projects]]
  digest = "1:14715f705ff5dfe0ffd6571d7d201dd8e921030f8070321a79380d8ca4ec1a24"
  name = "github.com/pkg/errors"
  packages = ["."]
  pruneopts = "NUT"
  revision = "ba968bfe8b2f7e042a574c888954fccecfa385b4"
  version = "v0.8.1"

[[projects]]
  digest = "1:0028cb19b2e4c3112225cd871870f2d9cf49b9b4276531f03438a88e94be86fe"
  name = "github.com/pmezard/go-difflib"
  packages = ["difflib"]
  pruneopts = "NUT"
  revision = "792786c7400a136282c1664665ae0a8db921c6c2"
  version = "v1.0.0"

[[projects]]
  branch = "master"
  digest = "1:60a5d0a79a5315cd68cc077f41dd66132d2cece1c56e874663a2556c4bae60b3"
  name = "github.com/rbriski/atlassian-jwt"
  packages = ["."]
  pruneopts = "NUT"
  revision = "7bb4ae273058ad8c9e864806e9a3673cc334f7ef"

[[projects]]
  digest = "1:60a46e2410edbf02b419f833372dd1d24d7aa1b916a990a7370e792fada1eadd"
  name = "github.com/stretchr/objx"
  packages = ["."]
  pruneopts = "NUT"
  revision = "477a77ecc69700c7cdeb1fa9e129548e1c1c393c"
  version = "v0.1.1"

[[projects]]
  digest = "1:137e260ddedd6466e5705fd8eb76ce9c3401dd0f44bc096550e1f9c5dc3eea09"
  name = "github.com/stretchr/testify"
  packages = [
    "assert",
    "mock",
    "require",
  ]
  pruneopts = "NUT"
  revision = "ffdc059bfe9ce6a4e144ba849dbedead332c6053"
  version = "v1.3.0"

[[projects]]
  digest = "1:5e59b9b6d0c389f8b691d5caa2211dea04ac95c5285c95b3b8e1187042df3f26"
  name = "github.com/trivago/tgo"
  packages = [
    "tcontainer",
    "treflect",
  ]
  pruneopts = "NUT"
  revision = "efdb64f40efe6e7cd3f50415710e7af6a7c316ad"
  version = "v1.0.7"

[[projects]]
  digest = "1:cc9d86ec4e6e3bdf87e3a421273bfeed003cf8e21351c0302fe8b0eb7b10efe6"
  name = "go.uber.org/atomic"
  packages = ["."]
  pruneopts = "NUT"
  revision = "df976f2515e274675050de7b3f42545de80594fd"
  version = "v1.4.0"

[[projects]]
  digest = "1:58ca93bdf81bac106ded02226b5395a0595d5346cdc4caa8d9c1f3a5f8f9976e"
  name = "go.uber.org/multierr"
  packages = ["."]
  pruneopts = "NUT"
  revision = "3c4937480c32f4c13a875a1829af76c98ca3d40a"
  version = "v1.1.0"

[[projects]]
  digest = "1:4af5a022f8c5c97734c3c6fad58fdce078e2322ddc98d3102b225a729f03916e"
  name = "go.uber.org/zap"
  packages = [
    ".",
    "buffer",
    "internal/bufferpool",
    "internal/color",
    "internal/exit",
    "zapcore",
  ]
  pruneopts = "NUT"
  revision = "27376062155ad36be76b0f12cf1572a221d3a48c"
  version = "v1.10.0"

[[projects]]
  branch = "master"
  digest = "1:9d5b5d543996dd584da1db1e0de1926f3e4c3a8dba0fa2f8db70f3ebee2342e0"
  name = "golang.org/x/crypto"
  packages = [
    "bcrypt",
    "blowfish",
  ]
  pruneopts = "NUT"
  revision = "cbcb750295291b33242907a04be40e80801d0cfc"

[[projects]]
  branch = "master"
  digest = "1:6f5543200df8216d5e471a9e777638690d6956b8d1c454afedec08503c9f57f8"
  name = "golang.org/x/net"
  packages = [
    "context",
    "context/ctxhttp",
    "html",
    "html/atom",
    "http/httpguts",
    "http2",
    "http2/hpack",
    "idna",
    "internal/timeseries",
    "trace",
  ]
  pruneopts = "NUT"
  revision = "a4d6f7feada510cc50e69a37b484cb0fdc6b7876"

[[projects]]
  branch = "master"
  digest = "1:c46e3e8967df40adcc8489027e060229a8de6e5787a35868a24235cc37dcb62a"
  name = "golang.org/x/oauth2"
  packages = [
    ".",
    "internal",
    "jira",
  ]
  pruneopts = "NUT"
  revision = "9f3314589c9a9136388751d9adae6b0ed400978a"

[[projects]]
  branch = "master"
  digest = "1:3e12290ba2a11b1b76267ee1584b2415f5f1621f34426fd75675003f98fe0249"
  name = "golang.org/x/sys"
  packages = ["unix"]
  pruneopts = "NUT"
  revision = "a5b02f93d862f065920dd6a40dddc66b60d0dec4"

[[projects]]
  digest = "1:8d8faad6b12a3a4c819a3f9618cb6ee1fa1cfc33253abeeea8b55336721e3405"
  name = "golang.org/x/text"
  packages = [
    "collate",
    "collate/build",
    "internal/colltab",
    "internal/gen",
    "internal/language",
    "internal/language/compact",
    "internal/tag",
    "internal/triegen",
    "internal/ucd",
    "language",
    "secure/bidirule",
    "transform",
    "unicode/bidi",
    "unicode/cldr",
    "unicode/norm",
    "unicode/rangetable",
  ]
  pruneopts = "NUT"
  revision = "342b2e1fbaa52c93f31447ad2c6abc048c63e475"
  version = "v0.3.2"

[[projects]]
  digest = "1:372cd8eba449f9b6db06677d0e73fa193ec5b19aaee148f355503ab6127045ca"
  name = "google.golang.org/appengine"
  packages = [
    "internal",
    "internal/base",
    "internal/datastore",
    "internal/log",
    "internal/remote_api",
    "internal/urlfetch",
    "urlfetch",
  ]
  pruneopts = "NUT"
  revision = "54a98f90d1c46b7731eb8fb305d2a321c30ef610"
  version = "v1.5.0"

[[projects]]
  branch = "master"
  digest = "1:fc5df4cb84cdf639ef702c176a50a9ee08ea3e68ebd67519c0f4f963c7d82978"
  name = "google.golang.org/genproto"
  packages = ["googleapis/rpc/status"]
  pruneopts = "NUT"
  revision = "b515fa19cec88c32f305a962f34ae60068947aea"

[[projects]]
  digest = "1:6afefb3e487fbe8a9db2a4bb81cedd7670423bbfea6f82b67b44e9ea3131f502"
  name = "google.golang.org/grpc"
  packages = [
    ".",
    "balancer",
    "balancer/base",
    "balancer/roundrobin",
    "binarylog/grpc_binarylog_v1",
    "codes",
    "connectivity",
    "credentials",
    "credentials/internal",
    "encoding",
    "encoding/proto",
    "grpclog",
    "health",
    "health/grpc_health_v1",
    "internal",
    "internal/backoff",
    "internal/balancerload",
    "internal/binarylog",
    "internal/channelz",
    "internal/envconfig",
    "internal/grpcrand",
    "internal/grpcsync",
    "internal/syscall",
    "internal/transport",
    "keepalive",
    "metadata",
    "naming",
    "peer",
    "resolver",
    "resolver/dns",
    "resolver/passthrough",
    "stats",
    "status",
    "tap",
  ]
  pruneopts = "NUT"
  revision = "25c4f928eaa6d96443009bd842389fb4fa48664e"
  version = "v1.20.1"

[[projects]]
  digest = "1:797db40073a8a1d30cc43864b6190372f2fca7af38b1cf1532e4e92a8283e075"
  name = "gopkg.in/asn1-ber.v1"
  packages = ["."]
  pruneopts = "NUT"
  revision = "f715ec2f112d1e4195b827ad68cf44017a3ef2b1"
  version = "v1.3"

[[projects]]
  digest = "1:80c34337e8a734e190f2d1b716cae774cca74db98315166f92074434e9af0227"
  name = "gopkg.in/natefinch/lumberjack.v2"
  packages = ["."]
  pruneopts = "NUT"
  revision = "a96e63847dc3c67d17befa69c303767e2f84e54f"
  version = "v2.1"

[[projects]]
  digest = "1:18108594151654e9e696b27b181b953f9a90b16bf14d253dd1b397b025a1487f"
  name = "gopkg.in/yaml.v2"
  packages = ["."]
  pruneopts = "NUT"
  revision = "51d6538a90f86fe93ac480b35f37b2be17fef232"
  version = "v2.2.2"

[solve-meta]
  analyzer-name = "dep"
  analyzer-version = 1
  input-imports = [
    "github.com/andygrunwald/go-jira",
    "github.com/dghubble/oauth1",
    "github.com/dgrijalva/jwt-go",
    "github.com/mattermost/mattermost-server/model",
    "github.com/mattermost/mattermost-server/plugin",
    "github.com/mattermost/mattermost-server/plugin/plugintest",
    "github.com/mattermost/mattermost-server/plugin/plugintest/mock",
    "github.com/pkg/errors",
    "github.com/rbriski/atlassian-jwt",
    "github.com/stretchr/testify/assert",
    "github.com/stretchr/testify/require",
    "golang.org/x/oauth2/jira",
  ]
  solver-name = "gps-cdcl"
  solver-version = 1
